
Microsoft Visual Studio Solution File, Format Version 12.00
# Visual Studio Version 17
VisualStudioVersion = 17.6.33723.286
MinimumVisualStudioVersion = 10.0.40219.1
Project("{FAE04EC0-301F-11D3-BF4B-00C04F79EFBC}") = "Inventory", "Inventory\Inventory.csproj", "{B0CDE1E7-5367-4A9B-A35D-466516174630}"
EndProject
Global
	GlobalSection(SolutionConfigurationPlatforms) = preSolution
		Debug|Any CPU = Debug|Any CPU
		Release|Any CPU = Release|Any CPU
	EndGlobalSection
	GlobalSection(ProjectConfigurationPlatforms) = postSolution
		{B0CDE1E7-5367-4A9B-A35D-466516174630}.Debug|Any CPU.ActiveCfg = Debug|Any CPU
		{B0CDE1E7-5367-4A9B-A35D-466516174630}.Debug|Any CPU.Build.0 = Debug|Any CPU
		{B0CDE1E7-5367-4A9B-A35D-466516174630}.Release|Any CPU.ActiveCfg = Release|Any CPU
		{B0CDE1E7-5367-4A9B-A35D-466516174630}.Release|Any CPU.Build.0 = Release|Any CPU
	EndGlobalSection
	GlobalSection(SolutionProperties) = preSolution
		HideSolutionNode = FALSE
	EndGlobalSection
	GlobalSection(ExtensibilityGlobals) = postSolution
		SolutionGuid = {A8DE8C84-C1C1-4784-80D7-4989C227ED8C}
	EndGlobalSection
EndGlobal
